version = 1
revision = 3
requires-python = ">=3.12"

[[package]]
name = "importlib-metadata"
version = "8.6.1"
source = { registry = "https://pypi.org/simple" }
dependencies = [
    { name = "zipp" },
]
sdist = { url = "https://files.pythonhosted.org/packages/33/08/c1395a292bb23fd03bdf572a1357c5a733d3eecbab877641ceacab23db6e/importlib_metadata-8.6.1.tar.gz", hash = "sha256:310b41d755445d74569f993ccfc22838295d9fe005425094fad953d7f15c8580", size = 55767, upload-time = "2025-01-20T22:21:30.429Z" }
wheels = [
    { url = "https://files.pythonhosted.org/packages/79/9d/0fb148dc4d6fa4a7dd1d8378168d9b4cd8d4560a6fbf6f0121c5fc34eb68/importlib_metadata-8.6.1-py3-none-any.whl", hash = "sha256:02a89390c1e15fdfdc0d7c6b25cb3e62650d0494005c97d6f148bf5b9787525e", size = 26971, upload-time = "2025-01-20T22:21:29.177Z" },
]

[[package]]
name = "opentelemetry-api"
version = "1.36.0"
source = { registry = "https://pypi.org/simple" }
dependencies = [
    { name = "importlib-metadata" },
    { name = "typing-extensions" },
]
sdist = { url = "https://files.pythonhosted.org/packages/27/d2/c782c88b8afbf961d6972428821c302bd1e9e7bc361352172f0ca31296e2/opentelemetry_api-1.36.0.tar.gz", hash = "sha256:9a72572b9c416d004d492cbc6e61962c0501eaf945ece9b5a0f56597d8348aa0", size = 64780, upload-time = "2025-07-29T15:12:06.02Z" }
wheels = [
    { url = "https://files.pythonhosted.org/packages/bb/ee/6b08dde0a022c463b88f55ae81149584b125a42183407dc1045c486cc870/opentelemetry_api-1.36.0-py3-none-any.whl", hash = "sha256:02f20bcacf666e1333b6b1f04e647dc1d5111f86b8e510238fcc56d7762cda8c", size = 65564, upload-time = "2025-07-29T15:11:47.998Z" },
]

[[package]]
name = "opentelemetry-sdk"
version = "1.36.0"
source = { registry = "https://pypi.org/simple" }
dependencies = [
    { name = "opentelemetry-api" },
    { name = "opentelemetry-semantic-conventions" },
    { name = "typing-extensions" },
]
sdist = { url = "https://files.pythonhosted.org/packages/4c/85/8567a966b85a2d3f971c4d42f781c305b2b91c043724fa08fd37d158e9dc/opentelemetry_sdk-1.36.0.tar.gz", hash = "sha256:19c8c81599f51b71670661ff7495c905d8fdf6976e41622d5245b791b06fa581", size = 162557, upload-time = "2025-07-29T15:12:16.76Z" }
wheels = [
    { url = "https://files.pythonhosted.org/packages/0b/59/7bed362ad1137ba5886dac8439e84cd2df6d087be7c09574ece47ae9b22c/opentelemetry_sdk-1.36.0-py3-none-any.whl", hash = "sha256:19fe048b42e98c5c1ffe85b569b7073576ad4ce0bcb6e9b4c6a39e890a6c45fb", size = 119995, upload-time = "2025-07-29T15:12:03.181Z" },
]

[[package]]
name = "opentelemetry-semantic-conventions"
version = "0.57b0"
source = { registry = "https://pypi.org/simple" }
dependencies = [
    { name = "opentelemetry-api" },
    { name = "typing-extensions" },
]
sdist = { url = "https://files.pythonhosted.org/packages/7e/31/67dfa252ee88476a29200b0255bda8dfc2cf07b56ad66dc9a6221f7dc787/opentelemetry_semantic_conventions-0.57b0.tar.gz", hash = "sha256:609a4a79c7891b4620d64c7aac6898f872d790d75f22019913a660756f27ff32", size = 124225, upload-time = "2025-07-29T15:12:17.873Z" }
wheels = [
    { url = "https://files.pythonhosted.org/packages/05/75/7d591371c6c39c73de5ce5da5a2cc7b72d1d1cd3f8f4638f553c01c37b11/opentelemetry_semantic_conventions-0.57b0-py3-none-any.whl", hash = "sha256:757f7e76293294f124c827e514c2a3144f191ef175b069ce8d1211e1e38e9e78", size = 201627, upload-time = "2025-07-29T15:12:04.174Z" },
]

[[package]]
name = "renovate-37344-reproduction"
version = "0.1.0"
source = { virtual = "." }
dependencies = [
    { name = "opentelemetry-sdk" },
]

[package.metadata]
requires-dist = [{ name = "opentelemetry-sdk", specifier = ">=1.36.0" }]

[[package]]
name = "typing-extensions"
version = "4.14.1"
source = { registry = "https://pypi.org/simple" }
sdist = { url = "https://files.pythonhosted.org/packages/98/5a/da40306b885cc8c09109dc2e1abd358d5684b1425678151cdaed4731c822/typing_extensions-4.14.1.tar.gz", hash = "sha256:38b39f4aeeab64884ce9f74c94263ef78f3c22467c8724005483154c26648d36", size = 107673, upload-time = "2025-07-04T13:28:34.16Z" }
wheels = [
    { url = "https://files.pythonhosted.org/packages/b5/00/d631e67a838026495268c2f6884f3711a15a9a2a96cd244fdaea53b823fb/typing_extensions-4.14.1-py3-none-any.whl", hash = "sha256:d1e1e3b58374dc93031d6eda2420a48ea44a36c2b4766a4fdeb3710755731d76", size = 43906, upload-time = "2025-07-04T13:28:32.743Z" },
]

[[package]]
name = "zipp"
version = "3.23.0"
source = { registry = "https://pypi.org/simple" }
sdist = { url = "https://files.pythonhosted.org/packages/e3/02/0f2892c661036d50ede074e376733dca2ae7c6eb617489437771209d4180/zipp-3.23.0.tar.gz", hash = "sha256:a07157588a12518c9d4034df3fbbee09c814741a33ff63c05fa29d26a2404166", size = 25547, upload-time = "2025-06-08T17:06:39.4Z" }
wheels = [
    { url = "https://files.pythonhosted.org/packages/2e/54/647ade08bf0db230bfea292f893923872fd20be6ac6f53b2b936ba839d75/zipp-3.23.0-py3-none-any.whl", hash = "sha256:071652d6115ed432f5ce1d34c336c0adfd6a884660d1e9712a256d3d3bd4b14e", size = 10276, upload-time = "2025-06-08T17:06:38.034Z" },
]
