version = 1
revision = 3
requires-python = ">=3.14.7"

[[package]]
name = "deprecated"
version = "1.2.18"
source = { registry = "https://pypi.org/simple" }
dependencies = [
    { name = "wrapt" },
]
sdist = { url = "https://files.pythonhosted.org/packages/98/97/06afe62762c9a8a86af0cfb7bfdab22a43ad17138b07af5b1a58442690a2/deprecated-1.2.18.tar.gz", hash = "sha256:422b6f6d859da6f2ef57857761bfb392480502a64c3028ca9bbe86085d72115d", size = 2928744, upload-time = "2025-01-27T10:46:25.7Z" }
wheels = [
    { url = "https://files.pythonhosted.org/packages/6e/c6/ac0b6c1e2d138f1002bcf799d330bd6d85084fece321e662a14223794041/Deprecated-1.2.18-py2.py3-none-any.whl", hash = "sha256:bd5011788200372a32418f888e326a09ff80d0214bd961147cfed01b5c018eec", size = 9998, upload-time = "2025-01-27T10:46:09.186Z" },
]

[[package]]
name = "importlib-metadata"
version = "8.6.1"
source = { registry = "https://pypi.org/simple" }
dependencies = [
    { name = "zipp" },
]
sdist = { url = "https://files.pythonhosted.org/packages/33/08/c1395a292bb23fd03bdf572a1357c5a733d3eecbab877641ceacab23db6e/importlib_metadata-8.6.1.tar.gz", hash = "sha256:310b41d755445d74569f993ccfc22838295d9fe005425094fad953d7f15c8580", size = 55767, upload-time = "2025-01-20T22:21:30.429Z" }
wheels = [
    { url = "https://files.pythonhosted.org/packages/79/9d/0fb148dc4d6fa4a7dd1d8378168d9b4cd8d4560a6fbf6f0121c5fc34eb68/importlib_metadata-8.6.1-py3-none-any.whl", hash = "sha256:02a89390c1e15fdfdc0d7c6b25cb3e62650d0494005c97d6f148bf5b9787525e", size = 26971, upload-time = "2025-01-20T22:21:29.177Z" },
]

[[package]]
name = "opentelemetry-api"
version = "1.33.0"
source = { registry = "https://pypi.org/simple" }
dependencies = [
    { name = "deprecated" },
    { name = "importlib-metadata" },
]
sdist = { url = "https://files.pythonhosted.org/packages/70/ca/920a73b4a11cd271ba1c62f34dba27d7783996a6a7ac0bac7c83b230736d/opentelemetry_api-1.33.0.tar.gz", hash = "sha256:cc4380fd2e6da7dcb52a828ea81844ed1f4f2eb638ca3c816775109d93d58ced", size = 65000, upload-time = "2025-05-09T14:56:00.967Z" }
wheels = [
    { url = "https://files.pythonhosted.org/packages/e6/c4/26c7ec8e51c19632f42503dbabed286c261fb06f8f61ffd348690e36958a/opentelemetry_api-1.33.0-py3-none-any.whl", hash = "sha256:158df154f628e6615b65fdf6e59f99afabea7213e72c5809dd4adf06c0d997cd", size = 65772, upload-time = "2025-05-09T14:55:38.395Z" },
]

[[package]]
name = "opentelemetry-sdk"
version = "1.33.0"
source = { registry = "https://pypi.org/simple" }
dependencies = [
    { name = "opentelemetry-api" },
    { name = "opentelemetry-semantic-conventions" },
    { name = "typing-extensions" },
]
sdist = { url = "https://files.pythonhosted.org/packages/37/0a/b7ae406175a2798a767e12db223e842911d9c398eea100c41c989afd2aa8/opentelemetry_sdk-1.33.0.tar.gz", hash = "sha256:a7fc56d1e07b218fcc316b24d21b59d3f1967b2ca22c217b05da3a26b797cc68", size = 161381, upload-time = "2025-05-09T14:56:12.347Z" }
wheels = [
    { url = "https://files.pythonhosted.org/packages/b4/34/831f5d9ae9375c9ba2446cb3cc0be79d8d73b78f813c9567e1615c2624f6/opentelemetry_sdk-1.33.0-py3-none-any.whl", hash = "sha256:bed376b6d37fbf00688bb65edfee817dd01d48b8559212831437529a6066049a", size = 118861, upload-time = "2025-05-09T14:55:56.956Z" },
]

[[package]]
name = "opentelemetry-semantic-conventions"
version = "0.54b0"
source = { registry = "https://pypi.org/simple" }
dependencies = [
    { name = "deprecated" },
    { name = "opentelemetry-api" },
]
sdist = { url = "https://files.pythonhosted.org/packages/92/8c/bc970d1599ff40b7913c953a95195addf11c81a27cc85d5ed568e9f8c57f/opentelemetry_semantic_conventions-0.54b0.tar.gz", hash = "sha256:467b739977bdcb079af1af69f73632535cdb51099d5e3c5709a35d10fe02a9c9", size = 118646, upload-time = "2025-05-09T14:56:13.596Z" }
wheels = [
    { url = "https://files.pythonhosted.org/packages/c8/aa/f7c46c19aee189e0123ef7209eaafc417e242b2073485dfb40523d6d8612/opentelemetry_semantic_conventions-0.54b0-py3-none-any.whl", hash = "sha256:fad7c1cf8908fd449eb5cf9fbbeefb301acf4bc995101f85277899cec125d823", size = 194937, upload-time = "2025-05-09T14:55:58.562Z" },
]

[[package]]
name = "renovate-37344-reproduction"
version = "0.1.0"
source = { virtual = "." }
dependencies = [
    { name = "opentelemetry-sdk" },
]

[package.metadata]
requires-dist = [{ name = "opentelemetry-sdk", specifier = ">=1.33.0" }]

[[package]]
name = "typing-extensions"
version = "4.14.1"
source = { registry = "https://pypi.org/simple" }
sdist = { url = "https://files.pythonhosted.org/packages/98/5a/da40306b885cc8c09109dc2e1abd358d5684b1425678151cdaed4731c822/typing_extensions-4.14.1.tar.gz", hash = "sha256:38b39f4aeeab64884ce9f74c94263ef78f3c22467c8724005483154c26648d36", size = 107673, upload-time = "2025-07-04T13:28:34.16Z" }
wheels = [
    { url = "https://files.pythonhosted.org/packages/b5/00/d631e67a838026495268c2f6884f3711a15a9a2a96cd244fdaea53b823fb/typing_extensions-4.14.1-py3-none-any.whl", hash = "sha256:d1e1e3b58374dc93031d6eda2420a48ea44a36c2b4766a4fdeb3710755731d76", size = 43906, upload-time = "2025-07-04T13:28:32.743Z" },
]

[[package]]
name = "wrapt"
version = "1.17.2"
source = { registry = "https://pypi.org/simple" }
sdist = { url = "https://files.pythonhosted.org/packages/c3/fc/e91cc220803d7bc4db93fb02facd8461c37364151b8494762cc88b0fbcef/wrapt-1.17.2.tar.gz", hash = "sha256:41388e9d4d1522446fe79d3213196bd9e3b301a336965b9e27ca2788ebd122f3", size = 55531, upload-time = "2025-01-14T10:35:45.465Z" }
wheels = [
    { url = "https://files.pythonhosted.org/packages/2d/82/f56956041adef78f849db6b289b282e72b55ab8045a75abad81898c28d19/wrapt-1.17.2-py3-none-any.whl", hash = "sha256:b18f2d1533a71f069c7f82d524a52599053d4c7166e9dd374ae2136b7f40f7c8", size = 23594, upload-time = "2025-01-14T10:35:44.018Z" },
]

[[package]]
name = "zipp"
version = "3.23.0"
source = { registry = "https://pypi.org/simple" }
sdist = { url = "https://files.pythonhosted.org/packages/e3/02/0f2892c661036d50ede074e376733dca2ae7c6eb617489437771209d4180/zipp-3.23.0.tar.gz", hash = "sha256:a07157588a12518c9d4034df3fbbee09c814741a33ff63c05fa29d26a2404166", size = 25547, upload-time = "2025-06-08T17:06:39.4Z" }
wheels = [
    { url = "https://files.pythonhosted.org/packages/2e/54/647ade08bf0db230bfea292f893923872fd20be6ac6f53b2b936ba839d75/zipp-3.23.0-py3-none-any.whl", hash = "sha256:071652d6115ed432f5ce1d34c336c0adfd6a884660d1e9712a256d3d3bd4b14e", size = 10276, upload-time = "2025-06-08T17:06:38.034Z" },
]
