version = 1
revision = 5
requires-python = ">=3.12"

[[package]]
name = "opentelemetry-api"
version = "1.45.1"
source = { registry = "https://pypi.org/simple" }
dependencies = [
    { name = "typing-extensions" },
]
sdist = { url = "https://files.pythonhosted.org/packages/2e/02/6e0ae9cc61bd3169d401077b507b3ebc344745171e1051ab430be012dcd9/opentelemetry_api-1.45.1.tar.gz", hash = "sha256:aa38ed19bcc084ba42782a73255b3582283eced7ad6dddbd6695189e69adfb75", size = 72804, upload-time = "2026-10-06T17:32:58.133Z" }
wheels = [
    { url = "https://files.pythonhosted.org/packages/1e/41/f7dcf80b81ee8e71c1a2b59f14208bc723edbd89ed027a73b175abf6348e/opentelemetry_api-1.45.1-py3-none-any.whl", hash = "sha256:b31553efa588ae44bc306f863c785c5333a9ecc091248c6ee68b4b6c87fdedfb", size = 60256, upload-time = "2026-10-06T17:32:33.506Z" },
]

[[package]]
name = "opentelemetry-sdk"
version = "1.45.1"
source = { registry = "https://pypi.org/simple" }
dependencies = [
    { name = "opentelemetry-api" },
    { name = "opentelemetry-semantic-conventions" },
    { name = "typing-extensions" },
]
sdist = { url = "https://files.pythonhosted.org/packages/a1/79/7392e21a1c8f0c61d90b223e31c7e48cb9d452e91a6b820ad24cca5f23c4/opentelemetry_sdk-1.45.1.tar.gz", hash = "sha256:63d24a6ca645019a631e6a51999c73e93adcac1196ca640b8ae78a7cc4762bf3", size = 218324, upload-time = "2026-10-06T17:33:13.26Z" }
wheels = [
    { url = "https://files.pythonhosted.org/packages/95/3c/87c42b4bd6dd297536f04cd9383d212ac557ecd49f2cbdcd46da1c9ef5c8/opentelemetry_sdk-1.45.1-py3-none-any.whl", hash = "sha256:c604c11dc429810812348989115fa44bd558772a3d7442afc43d024f2c250ca4", size = 140063, upload-time = "2026-10-06T17:32:55.04Z" },
]

[[package]]
name = "opentelemetry-semantic-conventions"
version = "0.66b1"
source = { registry = "https://pypi.org/simple" }
dependencies = [
    { name = "opentelemetry-api" },
    { name = "typing-extensions" },
]
sdist = { url = "https://files.pythonhosted.org/packages/46/e4/dbbfb2a010c4db2224a5114638acede6fe563d33cc20fb1752cebcbe6298/opentelemetry_semantic_conventions-0.66b1.tar.gz", hash = "sha256:497ca63bf383723411e8eaf60c8779e9877633c936bb641080adab59d0eb6ec8", size = 150250, upload-time = "2026-10-06T17:33:14.073Z" }
wheels = [
    { url = "https://files.pythonhosted.org/packages/bc/14/67f8aa798857f8cf686f515bf93d9bb877ce952ddc8efae0fa25b45ce0d6/opentelemetry_semantic_conventions-0.66b1-py3-none-any.whl", hash = "sha256:d4cddeb4315490b35213f55e2bdc9ac54bb1e4d318927475bed62b35545e581b", size = 206279, upload-time = "2026-10-06T17:32:56.103Z" },
]

[[package]]
name = "renovate-37344-reproduction"
version = "0.1.0"
source = { virtual = "." }
dependencies = [
    { name = "opentelemetry-sdk" },
]

[package.metadata]
requires-dist = [{ name = "opentelemetry-sdk", specifier = ">=1.45.1" }]

[[package]]
name = "typing-extensions"
version = "4.14.1"
source = { registry = "https://pypi.org/simple" }
sdist = { url = "https://files.pythonhosted.org/packages/98/5a/da40306b885cc8c09109dc2e1abd358d5684b1425678151cdaed4731c822/typing_extensions-4.14.1.tar.gz", hash = "sha256:38b39f4aeeab64884ce9f74c94263ef78f3c22467c8724005483154c26648d36", size = 107673, upload-time = "2025-07-04T13:28:34.16Z" }
wheels = [
    { url = "https://files.pythonhosted.org/packages/b5/00/d631e67a838026495268c2f6884f3711a15a9a2a96cd244fdaea53b823fb/typing_extensions-4.14.1-py3-none-any.whl", hash = "sha256:d1e1e3b58374dc93031d6eda2420a48ea44a36c2b4766a4fdeb3710755731d76", size = 43906, upload-time = "2025-07-04T13:28:32.743Z" },
]
